Microsoft Visual Studio Solution File, Format Version 12.00
# Visual Studio Version 17
VisualStudioVersion = 17.5.2.0
MinimumVisualStudioVersion = 10.0.40219.1
Project("{FAE04EC0-301F-11D3-BF4B-00C04F79EFBC}") = "HotelManagement", "HotelManagement.csproj", "{1F5A2494-8502-5161-C802-5DF5FD400A26}"
EndProject
Global
	GlobalSection(SolutionConfigurationPlatforms) = preSolution
		Debug|Any CPU = Debug|Any CPU
		Release|Any CPU = Release|Any CPU
	EndGlobalSection
	GlobalSection(ProjectConfigurationPlatforms) = postSolution
		{1F5A2494-8502-5161-C802-5DF5FD400A26}.Debug|Any CPU.ActiveCfg = Debug|Any CPU
		{1F5A2494-8502-5161-C802-5DF5FD400A26}.Debug|Any CPU.Build.0 = Debug|Any CPU
		{1F5A2494-8502-5161-C802-5DF5FD400A26}.Release|Any CPU.ActiveCfg = Release|Any CPU
		{1F5A2494-8502-5161-C802-5DF5FD400A26}.Release|Any CPU.Build.0 = Release|Any CPU
	EndGlobalSection
	GlobalSection(SolutionProperties) = preSolution
		HideSolutionNode = FALSE
	EndGlobalSection
	GlobalSection(ExtensibilityGlobals) = postSolution
		SolutionGuid = {FBA633B0-CAC8-4D88-8C2F-ADD6D4C66C82}
	EndGlobalSection
EndGlobal
